[[package]]
name = "hex-literal"
version = "0.1.4"
source = "registry+https://github.com/rust-lang/crates.io-index"
dependencies = [
 "hex-literal-impl 0.1.2 (registry+https://github.com/rust-lang/crates.io-index)",
 "proc-macro-hack 0.4.1 (registry+https://github.com/rust-lang/crates.io-index)",
]

[[package]]
name = "hex-literal-impl"
version = "0.1.2"
source = "registry+https://github.com/rust-lang/crates.io-index"
dependencies = [
 "proc-macro-hack 0.4.1 (registry+https://github.com/rust-lang/crates.io-index)",
]

[[package]]
name = "proc-macro-hack"
version = "0.4.1"
source = "registry+https://github.com/rust-lang/crates.io-index"
dependencies = [
 "proc-macro-hack-impl 0.4.1 (registry+https://github.com/rust-lang/crates.io-index)",
]

[[package]]
name = "proc-macro-hack-impl"
version = "0.4.1"
source = "registry+https://github.com/rust-lang/crates.io-index"

[[package]]
name = "w1-many_time_pad"
version = "0.1.0"
dependencies = [
 "hex-literal 0.1.4 (registry+https://github.com/rust-lang/crates.io-index)",
]

[metadata]
"checksum hex-literal 0.1.4 (registry+https://github.com/rust-lang/crates.io-index)" = "ddc2928beef125e519d69ae1baa8c37ea2e0d3848545217f6db0179c5eb1d639"
"checksum hex-literal-impl 0.1.2 (registry+https://github.com/rust-lang/crates.io-index)" = "520870c3213943eb8d7803e80180d12a6c7ceb4ae74602544529d1643dc4ddda"
"checksum proc-macro-hack 0.4.1 (registry+https://github.com/rust-lang/crates.io-index)" = "2c725b36c99df7af7bf9324e9c999b9e37d92c8f8caf106d82e1d7953218d2d8"
"checksum proc-macro-hack-impl 0.4.1 (registry+https://github.com/rust-lang/crates.io-index)" = "2b753ad9ed99dd8efeaa7d2fb8453c8f6bc3e54b97966d35f1bc77ca6865254a"
